{
  "name": "gatsby-michal-domarus-personal",
  "version": "0.1.0",
  "lockfileVersion": 1,
  "requires": true,
  "dependencies": {
    "caniuse-lite": {
      "version": "1.0.30001183",
      "resolved": "https://registry.npmjs.org/caniuse-lite/-/caniuse-lite-1.0.30001183.tgz",
      "integrity": "sha512-7JkwTEE1hlRKETbCFd8HDZeLiQIUcl8rC6JgNjvHCNaxOeNmQ9V4LvQXRUsKIV2CC73qKxljwVhToaA3kLRqTw=="
    },
    "gatsby-plugin-google-fonts": {
      "version": "1.0.1",
      "resolved": "https://registry.npmjs.org/gatsby-plugin-google-fonts/-/gatsby-plugin-google-fonts-1.0.1.tgz",
      "integrity": "sha512-p1NVkn27GUnDA5qHM+Z4cCcLCJIardzZXMon3640sT4xuL/AZJbsx3HEt2KY/5oZu0UXIkytkxzV2Da4rQeUIg=="
    }
  }
}
